
Microsoft Visual Studio Solution File, Format Version 12.00
# Visual Studio Express 2012 for Windows Desktop
Project("{FAE04EC0-301F-11D3-BF4B-00C04F79EFBC}") = "euler10", "euler10\euler10.csproj", "{2EA55B0C-2D39-4020-B1A1-6F99212105C0}"
EndProject
Global
	GlobalSection(SolutionConfigurationPlatforms) = preSolution
		Debug|Any CPU = Debug|Any CPU
		Release|Any CPU = Release|Any CPU
	EndGlobalSection
	GlobalSection(ProjectConfigurationPlatforms) = postSolution
		{2EA55B0C-2D39-4020-B1A1-6F99212105C0}.Debug|Any CPU.ActiveCfg = Debug|Any CPU
		{2EA55B0C-2D39-4020-B1A1-6F99212105C0}.Debug|Any CPU.Build.0 = Debug|Any CPU
		{2EA55B0C-2D39-4020-B1A1-6F99212105C0}.Release|Any CPU.ActiveCfg = Release|Any CPU
		{2EA55B0C-2D39-4020-B1A1-6F99212105C0}.Release|Any CPU.Build.0 = Release|Any CPU
	EndGlobalSection
	GlobalSection(SolutionProperties) = preSolution
		HideSolutionNode = FALSE
	EndGlobalSection
EndGlobal
